
Microsoft Visual Studio Solution File, Format Version 12.00
# Visual Studio Version 17
VisualStudioVersion = 17.1.31911.260
MinimumVisualStudioVersion = 10.0.40219.1
Project("{FAE04EC0-301F-11D3-BF4B-00C04F79EFBC}") = "Robotterne kommer", "Robotterne kommer\Robotterne kommer.csproj", "{99C94C8B-1780-4286-8E51-0787277241F4}"
EndProject
Global
	GlobalSection(SolutionConfigurationPlatforms) = preSolution
		Debug|Any CPU = Debug|Any CPU
		Release|Any CPU = Release|Any CPU
	EndGlobalSection
	GlobalSection(ProjectConfigurationPlatforms) = postSolution
		{99C94C8B-1780-4286-8E51-0787277241F4}.Debug|Any CPU.ActiveCfg = Debug|Any CPU
		{99C94C8B-1780-4286-8E51-0787277241F4}.Debug|Any CPU.Build.0 = Debug|Any CPU
		{99C94C8B-1780-4286-8E51-0787277241F4}.Release|Any CPU.ActiveCfg = Release|Any CPU
		{99C94C8B-1780-4286-8E51-0787277241F4}.Release|Any CPU.Build.0 = Release|Any CPU
	EndGlobalSection
	GlobalSection(SolutionProperties) = preSolution
		HideSolutionNode = FALSE
	EndGlobalSection
	GlobalSection(ExtensibilityGlobals) = postSolution
		SolutionGuid = {954A1EB8-37D3-44EA-8D36-B24B5F56FE76}
	EndGlobalSection
EndGlobal
