
Microsoft Visual Studio Solution File, Format Version 12.00
# Visual Studio Version 17
VisualStudioVersion = 17.4.33213.308
MinimumVisualStudioVersion = 10.0.40219.1
Project("{FAE04EC0-301F-11D3-BF4B-00C04F79EFBC}") = "Temperaturberegneren", "Temperaturberegneren\Temperaturberegneren.csproj", "{DBDB5014-E0DF-4577-BF4E-57155BBDD0DB}"
EndProject
Global
	GlobalSection(SolutionConfigurationPlatforms) = preSolution
		Debug|Any CPU = Debug|Any CPU
		Release|Any CPU = Release|Any CPU
	EndGlobalSection
	GlobalSection(ProjectConfigurationPlatforms) = postSolution
		{DBDB5014-E0DF-4577-BF4E-57155BBDD0DB}.Debug|Any CPU.ActiveCfg = Debug|Any CPU
		{DBDB5014-E0DF-4577-BF4E-57155BBDD0DB}.Debug|Any CPU.Build.0 = Debug|Any CPU
		{DBDB5014-E0DF-4577-BF4E-57155BBDD0DB}.Release|Any CPU.ActiveCfg = Release|Any CPU
		{DBDB5014-E0DF-4577-BF4E-57155BBDD0DB}.Release|Any CPU.Build.0 = Release|Any CPU
	EndGlobalSection
	GlobalSection(SolutionProperties) = preSolution
		HideSolutionNode = FALSE
	EndGlobalSection
	GlobalSection(ExtensibilityGlobals) = postSolution
		SolutionGuid = {8CC2F532-767C-45D3-884F-A7C693CA24E1}
	EndGlobalSection
EndGlobal
