
Microsoft Visual Studio Solution File, Format Version 12.00
# Visual Studio Version 17
VisualStudioVersion = 17.4.33213.308
MinimumVisualStudioVersion = 10.0.40219.1
Project("{FAE04EC0-301F-11D3-BF4B-00C04F79EFBC}") = "Køen", "Køen\Køen.csproj", "{D64560D4-50E7-4C13-801E-C7230D2813B1}"
EndProject
Global
	GlobalSection(SolutionConfigurationPlatforms) = preSolution
		Debug|Any CPU = Debug|Any CPU
		Release|Any CPU = Release|Any CPU
	EndGlobalSection
	GlobalSection(ProjectConfigurationPlatforms) = postSolution
		{D64560D4-50E7-4C13-801E-C7230D2813B1}.Debug|Any CPU.ActiveCfg = Debug|Any CPU
		{D64560D4-50E7-4C13-801E-C7230D2813B1}.Debug|Any CPU.Build.0 = Debug|Any CPU
		{D64560D4-50E7-4C13-801E-C7230D2813B1}.Release|Any CPU.ActiveCfg = Release|Any CPU
		{D64560D4-50E7-4C13-801E-C7230D2813B1}.Release|Any CPU.Build.0 = Release|Any CPU
	EndGlobalSection
	GlobalSection(SolutionProperties) = preSolution
		HideSolutionNode = FALSE
	EndGlobalSection
	GlobalSection(ExtensibilityGlobals) = postSolution
		SolutionGuid = {7D50182F-868D-4822-8AAE-36EF8E41C831}
	EndGlobalSection
EndGlobal
